
Microsoft Visual Studio Solution File, Format Version 12.00
# Visual Studio 15
VisualStudioVersion = 15.0.26430.12
MinimumVisualStudioVersion = 10.0.40219.1
Project("{2150E333-8FDC-42A3-9474-1A3956D46DE8}") = "Engine", "Engine", "{7BBEDE67-B2E3-470A-8C18-A6519F4E6F71}"
EndProject
Project("{2150E333-8FDC-42A3-9474-1A3956D46DE8}") = "Games", "Games", "{8993E015-799D-4394-8F4E-7BF20A84B514}"
EndProject
Project("{8BC9CEB8-8B4A-11D0-8D11-00A0C91BC942}") = "UE4", "Intermediate\ProjectFiles\UE4.vcxproj", "{E4F05D04-9EE3-482A-B7C0-5241082A9CEC}"
EndProject
Project("{8BC9CEB8-8B4A-11D0-8D11-00A0C91BC942}") = "BuildingEscape", "Intermediate\ProjectFiles\BuildingEscape.vcxproj", "{5B11AA20-401D-4678-BD42-5DA5D00CAD40}"
EndProject
Global
	GlobalSection(SolutionConfigurationPlatforms) = preSolution
		DebugGame Editor|HTML5 = DebugGame Editor|HTML5
		DebugGame Editor|IOS = DebugGame Editor|IOS
		DebugGame Editor|Win32 = DebugGame Editor|Win32
		DebugGame Editor|Win64 = DebugGame Editor|Win64
		DebugGame|HTML5 = DebugGame|HTML5
		DebugGame|IOS = DebugGame|IOS
		DebugGame|Win32 = DebugGame|Win32
		DebugGame|Win64 = DebugGame|Win64
		Development Editor|HTML5 = Development Editor|HTML5
		Development Editor|IOS = Development Editor|IOS
		Development Editor|Win32 = Development Editor|Win32
		Development Editor|Win64 = Development Editor|Win64
		Development|HTML5 = Development|HTML5
		Development|IOS = Development|IOS
		Development|Win32 = Development|Win32
		Development|Win64 = Development|Win64
		Shipping|HTML5 = Shipping|HTML5
		Shipping|IOS = Shipping|IOS
		Shipping|Win32 = Shipping|Win32
		Shipping|Win64 = Shipping|Win64
	EndGlobalSection
	GlobalSection(ProjectConfigurationPlatforms) = postSolution
		{E4F05D04-9EE3-482A-B7C0-5241082A9CEC}.DebugGame Editor|HTML5.ActiveCfg = BuiltWithUnrealBuildTool|Win32
		{E4F05D04-9EE3-482A-B7C0-5241082A9CEC}.DebugGame Editor|HTML5.Build.0 = BuiltWithUnrealBuildTool|Win32
		{E4F05D04-9EE3-482A-B7C0-5241082A9CEC}.DebugGame Editor|IOS.ActiveCfg = BuiltWithUnrealBuildTool|Win32
		{E4F05D04-9EE3-482A-B7C0-5241082A9CEC}.DebugGame Editor|IOS.Build.0 = BuiltWithUnrealBuildTool|Win32
		{E4F05D04-9EE3-482A-B7C0-5241082A9CEC}.DebugGame Editor|Win32.ActiveCfg = BuiltWithUnrealBuildTool|Win32
		{E4F05D04-9EE3-482A-B7C0-5241082A9CEC}.DebugGame Editor|Win32.Build.0 = BuiltWithUnrealBuildTool|Win32
		{E4F05D04-9EE3-482A-B7C0-5241082A9CEC}.DebugGame Editor|Win64.ActiveCfg = BuiltWithUnrealBuildTool|Win32
		{E4F05D04-9EE3-482A-B7C0-5241082A9CEC}.DebugGame Editor|Win64.Build.0 = BuiltWithUnrealBuildTool|Win32
		{E4F05D04-9EE3-482A-B7C0-5241082A9CEC}.DebugGame|HTML5.ActiveCfg = BuiltWithUnrealBuildTool|Win32
		{E4F05D04-9EE3-482A-B7C0-5241082A9CEC}.DebugGame|HTML5.Build.0 = BuiltWithUnrealBuildTool|Win32
		{E4F05D04-9EE3-482A-B7C0-5241082A9CEC}.DebugGame|IOS.ActiveCfg = BuiltWithUnrealBuildTool|Win32
		{E4F05D04-9EE3-482A-B7C0-5241082A9CEC}.DebugGame|IOS.Build.0 = BuiltWithUnrealBuildTool|Win32
		{E4F05D04-9EE3-482A-B7C0-5241082A9CEC}.DebugGame|Win32.ActiveCfg = BuiltWithUnrealBuildTool|Win32
		{E4F05D04-9EE3-482A-B7C0-5241082A9CEC}.DebugGame|Win32.Build.0 = BuiltWithUnrealBuildTool|Win32
		{E4F05D04-9EE3-482A-B7C0-5241082A9CEC}.DebugGame|Win64.ActiveCfg = BuiltWithUnrealBuildTool|Win32
		{E4F05D04-9EE3-482A-B7C0-5241082A9CEC}.DebugGame|Win64.Build.0 = BuiltWithUnrealBuildTool|Win32
		{E4F05D04-9EE3-482A-B7C0-5241082A9CEC}.Development Editor|HTML5.ActiveCfg = BuiltWithUnrealBuildTool|Win32
		{E4F05D04-9EE3-482A-B7C0-5241082A9CEC}.Development Editor|HTML5.Build.0 = BuiltWithUnrealBuildTool|Win32
		{E4F05D04-9EE3-482A-B7C0-5241082A9CEC}.Development Editor|IOS.ActiveCfg = BuiltWithUnrealBuildTool|Win32
		{E4F05D04-9EE3-482A-B7C0-5241082A9CEC}.Development Editor|IOS.Build.0 = BuiltWithUnrealBuildTool|Win32
		{E4F05D04-9EE3-482A-B7C0-5241082A9CEC}.Development Editor|Win32.ActiveCfg = BuiltWithUnrealBuildTool|Win32
		{E4F05D04-9EE3-482A-B7C0-5241082A9CEC}.Development Editor|Win32.Build.0 = BuiltWithUnrealBuildTool|Win32
		{E4F05D04-9EE3-482A-B7C0-5241082A9CEC}.Development Editor|Win64.ActiveCfg = BuiltWithUnrealBuildTool|Win32
		{E4F05D04-9EE3-482A-B7C0-5241082A9CEC}.Development Editor|Win64.Build.0 = BuiltWithUnrealBuildTool|Win32
		{E4F05D04-9EE3-482A-B7C0-5241082A9CEC}.Development|HTML5.ActiveCfg = BuiltWithUnrealBuildTool|Win32
		{E4F05D04-9EE3-482A-B7C0-5241082A9CEC}.Development|HTML5.Build.0 = BuiltWithUnrealBuildTool|Win32
		{E4F05D04-9EE3-482A-B7C0-5241082A9CEC}.Development|IOS.ActiveCfg = BuiltWithUnrealBuildTool|Win32
		{E4F05D04-9EE3-482A-B7C0-5241082A9CEC}.Development|IOS.Build.0 = BuiltWithUnrealBuildTool|Win32
		{E4F05D04-9EE3-482A-B7C0-5241082A9CEC}.Development|Win32.ActiveCfg = BuiltWithUnrealBuildTool|Win32
		{E4F05D04-9EE3-482A-B7C0-5241082A9CEC}.Development|Win32.Build.0 = BuiltWithUnrealBuildTool|Win32
		{E4F05D04-9EE3-482A-B7C0-5241082A9CEC}.Development|Win64.ActiveCfg = BuiltWithUnrealBuildTool|Win32
		{E4F05D04-9EE3-482A-B7C0-5241082A9CEC}.Development|Win64.Build.0 = BuiltWithUnrealBuildTool|Win32
		{E4F05D04-9EE3-482A-B7C0-5241082A9CEC}.Shipping|HTML5.ActiveCfg = BuiltWithUnrealBuildTool|Win32
		{E4F05D04-9EE3-482A-B7C0-5241082A9CEC}.Shipping|HTML5.Build.0 = BuiltWithUnrealBuildTool|Win32
		{E4F05D04-9EE3-482A-B7C0-5241082A9CEC}.Shipping|IOS.ActiveCfg = BuiltWithUnrealBuildTool|Win32
		{E4F05D04-9EE3-482A-B7C0-5241082A9CEC}.Shipping|IOS.Build.0 = BuiltWithUnrealBuildTool|Win32
		{E4F05D04-9EE3-482A-B7C0-5241082A9CEC}.Shipping|Win32.ActiveCfg = BuiltWithUnrealBuildTool|Win32
		{E4F05D04-9EE3-482A-B7C0-5241082A9CEC}.Shipping|Win32.Build.0 = BuiltWithUnrealBuildTool|Win32
		{E4F05D04-9EE3-482A-B7C0-5241082A9CEC}.Shipping|Win64.ActiveCfg = BuiltWithUnrealBuildTool|Win32
		{E4F05D04-9EE3-482A-B7C0-5241082A9CEC}.Shipping|Win64.Build.0 = BuiltWithUnrealBuildTool|Win32
		{5B11AA20-401D-4678-BD42-5DA5D00CAD40}.DebugGame Editor|HTML5.ActiveCfg = HTML5_DebugGame_Editor|Win32
		{5B11AA20-401D-4678-BD42-5DA5D00CAD40}.DebugGame Editor|IOS.ActiveCfg = IOS_DebugGame_Editor|Win32
		{5B11AA20-401D-4678-BD42-5DA5D00CAD40}.DebugGame Editor|Win32.ActiveCfg = DebugGame_Editor|Win32
		{5B11AA20-401D-4678-BD42-5DA5D00CAD40}.DebugGame Editor|Win64.ActiveCfg = DebugGame_Editor|x64
		{5B11AA20-401D-4678-BD42-5DA5D00CAD40}.DebugGame Editor|Win64.Build.0 = DebugGame_Editor|x64
		{5B11AA20-401D-4678-BD42-5DA5D00CAD40}.DebugGame|HTML5.ActiveCfg = HTML5_DebugGame_Game|Win32
		{5B11AA20-401D-4678-BD42-5DA5D00CAD40}.DebugGame|HTML5.Build.0 = HTML5_DebugGame_Game|Win32
		{5B11AA20-401D-4678-BD42-5DA5D00CAD40}.DebugGame|IOS.ActiveCfg = IOS_DebugGame_Game|Win32
		{5B11AA20-401D-4678-BD42-5DA5D00CAD40}.DebugGame|IOS.Build.0 = IOS_DebugGame_Game|Win32
		{5B11AA20-401D-4678-BD42-5DA5D00CAD40}.DebugGame|Win32.ActiveCfg = DebugGame_Game|Win32
		{5B11AA20-401D-4678-BD42-5DA5D00CAD40}.DebugGame|Win32.Build.0 = DebugGame_Game|Win32
		{5B11AA20-401D-4678-BD42-5DA5D00CAD40}.DebugGame|Win64.ActiveCfg = DebugGame_Game|x64
		{5B11AA20-401D-4678-BD42-5DA5D00CAD40}.DebugGame|Win64.Build.0 = DebugGame_Game|x64
		{5B11AA20-401D-4678-BD42-5DA5D00CAD40}.Development Editor|HTML5.ActiveCfg = HTML5_Development_Editor|Win32
		{5B11AA20-401D-4678-BD42-5DA5D00CAD40}.Development Editor|IOS.ActiveCfg = IOS_Development_Editor|Win32
		{5B11AA20-401D-4678-BD42-5DA5D00CAD40}.Development Editor|Win32.ActiveCfg = Development_Editor|Win32
		{5B11AA20-401D-4678-BD42-5DA5D00CAD40}.Development Editor|Win64.ActiveCfg = Development_Editor|x64
		{5B11AA20-401D-4678-BD42-5DA5D00CAD40}.Development Editor|Win64.Build.0 = Development_Editor|x64
		{5B11AA20-401D-4678-BD42-5DA5D00CAD40}.Development|HTML5.ActiveCfg = HTML5_Development_Game|Win32
		{5B11AA20-401D-4678-BD42-5DA5D00CAD40}.Development|HTML5.Build.0 = HTML5_Development_Game|Win32
		{5B11AA20-401D-4678-BD42-5DA5D00CAD40}.Development|IOS.ActiveCfg = IOS_Development_Game|Win32
		{5B11AA20-401D-4678-BD42-5DA5D00CAD40}.Development|IOS.Build.0 = IOS_Development_Game|Win32
		{5B11AA20-401D-4678-BD42-5DA5D00CAD40}.Development|Win32.ActiveCfg = Development_Game|Win32
		{5B11AA20-401D-4678-BD42-5DA5D00CAD40}.Development|Win32.Build.0 = Development_Game|Win32
		{5B11AA20-401D-4678-BD42-5DA5D00CAD40}.Development|Win64.ActiveCfg = Development_Game|x64
		{5B11AA20-401D-4678-BD42-5DA5D00CAD40}.Development|Win64.Build.0 = Development_Game|x64
		{5B11AA20-401D-4678-BD42-5DA5D00CAD40}.Shipping|HTML5.ActiveCfg = HTML5_Shipping_Game|Win32
		{5B11AA20-401D-4678-BD42-5DA5D00CAD40}.Shipping|HTML5.Build.0 = HTML5_Shipping_Game|Win32
		{5B11AA20-401D-4678-BD42-5DA5D00CAD40}.Shipping|IOS.ActiveCfg = IOS_Shipping_Game|Win32
		{5B11AA20-401D-4678-BD42-5DA5D00CAD40}.Shipping|IOS.Build.0 = IOS_Shipping_Game|Win32
		{5B11AA20-401D-4678-BD42-5DA5D00CAD40}.Shipping|Win32.ActiveCfg = Shipping_Game|Win32
		{5B11AA20-401D-4678-BD42-5DA5D00CAD40}.Shipping|Win32.Build.0 = Shipping_Game|Win32
		{5B11AA20-401D-4678-BD42-5DA5D00CAD40}.Shipping|Win64.ActiveCfg = Shipping_Game|x64
		{5B11AA20-401D-4678-BD42-5DA5D00CAD40}.Shipping|Win64.Build.0 = Shipping_Game|x64
	EndGlobalSection
	GlobalSection(SolutionProperties) = preSolution
		HideSolutionNode = FALSE
	EndGlobalSection
	GlobalSection(NestedProjects) = preSolution
		{E4F05D04-9EE3-482A-B7C0-5241082A9CEC} = {7BBEDE67-B2E3-470A-8C18-A6519F4E6F71}
		{5B11AA20-401D-4678-BD42-5DA5D00CAD40} = {8993E015-799D-4394-8F4E-7BF20A84B514}
	EndGlobalSection
EndGlobal
